Microsoft Visual Studio Solution File, Format Version 12.00
# Visual Studio Version 17
VisualStudioVersion = 17.5.2.0
MinimumVisualStudioVersion = 10.0.40219.1
Project("{FAE04EC0-301F-11D3-BF4B-00C04F79EFBC}") = "WatchList", "WatchList.csproj", "{4F874D8E-15F5-FE61-B836-B758F1FEE233}"
EndProject
Global
	GlobalSection(SolutionConfigurationPlatforms) = preSolution
		Debug|Any CPU = Debug|Any CPU
		Release|Any CPU = Release|Any CPU
	EndGlobalSection
	GlobalSection(ProjectConfigurationPlatforms) = postSolution
		{4F874D8E-15F5-FE61-B836-B758F1FEE233}.Debug|Any CPU.ActiveCfg = Debug|Any CPU
		{4F874D8E-15F5-FE61-B836-B758F1FEE233}.Debug|Any CPU.Build.0 = Debug|Any CPU
		{4F874D8E-15F5-FE61-B836-B758F1FEE233}.Release|Any CPU.ActiveCfg = Release|Any CPU
		{4F874D8E-15F5-FE61-B836-B758F1FEE233}.Release|Any CPU.Build.0 = Release|Any CPU
	EndGlobalSection
	GlobalSection(SolutionProperties) = preSolution
		HideSolutionNode = FALSE
	EndGlobalSection
	GlobalSection(ExtensibilityGlobals) = postSolution
		SolutionGuid = {AA2A6FA1-0A69-41A1-9E48-AD7050122364}
	EndGlobalSection
EndGlobal
